
Microsoft Visual Studio Solution File, Format Version 12.00
# Visual Studio 15
VisualStudioVersion = 15.0.27703.2042
MinimumVisualStudioVersion = 10.0.40219.1
Project("{FAE04EC0-301F-11D3-BF4B-00C04F79EFBC}") = "DoubleCredit", "DoubleCredit\DoubleCredit.csproj", "{45278316-FB82-432E-8C48-3EBF124DE4ED}"
EndProject
Global
	GlobalSection(SolutionConfigurationPlatforms) = preSolution
		Debug|Any CPU = Debug|Any CPU
		Release|Any CPU = Release|Any CPU
	EndGlobalSection
	GlobalSection(ProjectConfigurationPlatforms) = postSolution
		{45278316-FB82-432E-8C48-3EBF124DE4ED}.Debug|Any CPU.ActiveCfg = Debug|Any CPU
		{45278316-FB82-432E-8C48-3EBF124DE4ED}.Debug|Any CPU.Build.0 = Debug|Any CPU
		{45278316-FB82-432E-8C48-3EBF124DE4ED}.Release|Any CPU.ActiveCfg = Release|Any CPU
		{45278316-FB82-432E-8C48-3EBF124DE4ED}.Release|Any CPU.Build.0 = Release|Any CPU
	EndGlobalSection
	GlobalSection(SolutionProperties) = preSolution
		HideSolutionNode = FALSE
	EndGlobalSection
	GlobalSection(ExtensibilityGlobals) = postSolution
		SolutionGuid = {2B7C5DD8-9B59-4538-84D4-A73CE9123136}
	EndGlobalSection
EndGlobal
